
Microsoft Visual Studio Solution File, Format Version 12.00
# Visual Studio Version 17
VisualStudioVersion = 17.0.31919.166
MinimumVisualStudioVersion = 10.0.40219.1
Project("{FAE04EC0-301F-11D3-BF4B-00C04F79EFBC}") = "WorldClockApp", "WorldClockApp\WorldClockApp.csproj", "{0F5C8298-8F14-4346-90F1-B3932524B82E}"
EndProject
Global
	GlobalSection(SolutionConfigurationPlatforms) = preSolution
		Debug|Any CPU = Debug|Any CPU
		Release|Any CPU = Release|Any CPU
	EndGlobalSection
	GlobalSection(ProjectConfigurationPlatforms) = postSolution
		{0F5C8298-8F14-4346-90F1-B3932524B82E}.Debug|Any CPU.ActiveCfg = Debug|Any CPU
		{0F5C8298-8F14-4346-90F1-B3932524B82E}.Debug|Any CPU.Build.0 = Debug|Any CPU
		{0F5C8298-8F14-4346-90F1-B3932524B82E}.Release|Any CPU.ActiveCfg = Release|Any CPU
		{0F5C8298-8F14-4346-90F1-B3932524B82E}.Release|Any CPU.Build.0 = Release|Any CPU
	EndGlobalSection
	GlobalSection(SolutionProperties) = preSolution
		HideSolutionNode = FALSE
	EndGlobalSection
	GlobalSection(ExtensibilityGlobals) = postSolution
		SolutionGuid = {B01B7DC3-5883-4B2A-9E78-838937C8A00B}
	EndGlobalSection
EndGlobal
